<?xml version="1.0" encoding="utf-8"?>
<Project ToolsVersion="4.0" xmlns="http://schemas.microsoft.com/developer/msbuild/2003">
  <ItemGroup>
    <ClCompile Include="ThirdParty\imgui\imgui.cpp">
      <Filter>imgui</Filter>
    </ClCompile>
    <ClCompile Include="ThirdParty\imgui\imgui_demo.cpp">
      <Filter>imgui</Filter>
    </ClCompile>
    <ClCompile Include="ThirdParty\imgui\imgui_draw.cpp">
      <Filter>imgui</Filter>
    </ClCompile>
    <ClCompile Include="ThirdParty\imgui\backends\imgui_impl_dx11.cpp">
      <Filter>imgui</Filter>
    </ClCompile>
    <ClCompile Include="ThirdParty\imgui\backends\imgui_impl_win32.cpp">
      <Filter>imgui</Filter>
    </ClCompile>
    <ClCompile Include="ThirdParty\imgui\imgui_tables.cpp">
      <Filter>imgui</Filter>
    </ClCompile>
    <ClCompile Include="ThirdParty\imgui\imgui_widgets.cpp">
      <Filter>imgui</Filter>
    </ClCompile>
    <ClCompile Include="Engine\engine.cpp">
      <Filter>engine</Filter>
    </ClCompile>
    <ClCompile Include="Engine\engine_util.cpp">
      <Filter>engine</Filter>
    </ClCompile>
    <ClCompile Include="Engine\game_object.cpp">
      <Filter>engine</Filter>
    </ClCompile>
    <ClCompile Include="Engine\scene.cpp">
      <Filter>engine</Filter>
    </ClCompile>
    <ClCompile Include="Engine\scene_manager.cpp">
      <Filter>engine</Filter>
    </ClCompile>
    <ClCompile Include="Engine\update_manager.cpp">
      <Filter>engine</Filter>
    </ClCompile>
    <ClCompile Include="Editor\hierarchy.cpp">
      <Filter>editor</Filter>
    </ClCompile>
    <ClCompile Include="Editor\inspector.cpp">
      <Filter>editor</Filter>
    </ClCompile>
    <ClCompile Include="main.cpp" />
    <ClCompile Include="Editor\editor.cpp">
      <Filter>editor</Filter>
    </ClCompile>
    <ClCompile Include="Editor\editor_window.cpp">
      <Filter>editor</Filter>
    </ClCompile>
    <ClCompile Include="Engine\serializer.cpp">
      <Filter>engine</Filter>
    </ClCompile>
    <ClCompile Include="Engine\Rendering\bone_weight.cpp">
      <Filter>engine</Filter>
    </ClCompile>
    <ClCompile Include="Engine\Math\bounds.cpp">
      <Filter>engine</Filter>
    </ClCompile>
    <ClCompile Include="Engine\Components\camera.cpp">
      <Filter>engine</Filter>
    </ClCompile>
    <ClCompile Include="Engine\Math\color.cpp">
      <Filter>engine</Filter>
    </ClCompile>
    <ClCompile Include="Engine\Components\component.cpp">
      <Filter>engine</Filter>
    </ClCompile>
    <ClCompile Include="Engine\Components\controller.cpp">
      <Filter>engine</Filter>
    </ClCompile>
    <ClCompile Include="Engine\Components\cube_renderer.cpp">
      <Filter>engine</Filter>
    </ClCompile>
    <ClCompile Include="Engine\engine_time.cpp">
      <Filter>engine</Filter>
    </ClCompile>
    <ClCompile Include="Engine\Components\frame_meta_data.cpp">
      <Filter>engine</Filter>
    </ClCompile>
    <ClCompile Include="Engine\Rendering\material.cpp">
      <Filter>engine</Filter>
    </ClCompile>
    <ClCompile Include="Engine\Rendering\material_block.cpp">
      <Filter>engine</Filter>
    </ClCompile>
    <ClCompile Include="Engine\Math\matrix4x4.cpp">
      <Filter>engine</Filter>
    </ClCompile>
    <ClCompile Include="Engine\Rendering\mesh.cpp">
      <Filter>engine</Filter>
    </ClCompile>
    <ClCompile Include="Engine\Components\mesh_renderer.cpp">
      <Filter>engine</Filter>
    </ClCompile>
    <ClCompile Include="Engine\Rendering\model_importer.cpp">
      <Filter>engine</Filter>
    </ClCompile>
    <ClCompile Include="Engine\Math\quaternion.cpp">
      <Filter>engine</Filter>
    </ClCompile>
    <ClCompile Include="Engine\Components\renderer.cpp">
      <Filter>engine</Filter>
    </ClCompile>
    <ClCompile Include="Engine\Rendering\shader.cpp">
      <Filter>engine</Filter>
    </ClCompile>
    <ClCompile Include="Engine\Components\skinned_mesh_renderer.cpp">
      <Filter>engine</Filter>
    </ClCompile>
    <ClCompile Include="Engine\Rendering\sub_mesh.cpp">
      <Filter>engine</Filter>
    </ClCompile>
    <ClCompile Include="Engine\Rendering\texture2d.cpp">
      <Filter>engine</Filter>
    </ClCompile>
    <ClCompile Include="Engine\Components\transform.cpp">
      <Filter>engine</Filter>
    </ClCompile>
    <ClCompile Include="Engine\Math\vector2.cpp">
      <Filter>engine</Filter>
    </ClCompile>
    <ClCompile Include="Engine\Math\vector3.cpp">
      <Filter>engine</Filter>
    </ClCompile>
    <ClCompile Include="pch.cpp" />
    <ClCompile Include="Engine\engine_profiler.cpp">
      <Filter>engine</Filter>
    </ClCompile>
    <ClCompile Include="ThirdParty\implot\implot.cpp">
      <Filter>implot</Filter>
    </ClCompile>
    <ClCompile Include="ThirdParty\implot\implot_demo.cpp">
      <Filter>implot</Filter>
    </ClCompile>
    <ClCompile Include="ThirdParty\implot\implot_items.cpp">
      <Filter>implot</Filter>
    </ClCompile>
    <ClCompile Include="Engine\Components\mv1_renderer.cpp">
      <Filter>engine</Filter>
    </ClCompile>
    <ClCompile Include="Editor\profiler.cpp">
      <Filter>editor</Filter>
    </ClCompile>
    <ClCompile Include="Editor\update_man_debugger.cpp">
      <Filter>editor</Filter>
    </ClCompile>
  </ItemGroup>
  <ItemGroup>
    <ClInclude Include="Engine\engine.h">
      <Filter>engine</Filter>
    </ClInclude>
    <ClInclude Include="Engine\engine_util.h">
      <Filter>engine</Filter>
    </ClInclude>
    <ClInclude Include="Engine\event_receivers.h">
      <Filter>engine</Filter>
    </ClInclude>
    <ClInclude Include="Engine\game_object.h">
      <Filter>engine</Filter>
    </ClInclude>
    <ClInclude Include="Engine\logger.h">
      <Filter>engine</Filter>
    </ClInclude>
    <ClInclude Include="Engine\object.h">
      <Filter>engine</Filter>
    </ClInclude>
    <ClInclude Include="Engine\scene.h">
      <Filter>engine</Filter>
    </ClInclude>
    <ClInclude Include="Engine\scene_manager.h">
      <Filter>engine</Filter>
    </ClInclude>
    <ClInclude Include="Engine\update_manager.h">
      <Filter>engine</Filter>
    </ClInclude>
    <ClInclude Include="Editor\hierarchy.h">
      <Filter>editor</Filter>
    </ClInclude>
    <ClInclude Include="Editor\inspector.h">
      <Filter>editor</Filter>
    </ClInclude>
    <ClInclude Include="Editor\editor.h">
      <Filter>editor</Filter>
    </ClInclude>
    <ClInclude Include="Editor\editor_window.h">
      <Filter>editor</Filter>
    </ClInclude>
    <ClInclude Include="Engine\serializer.h">
      <Filter>engine</Filter>
    </ClInclude>
    <ClInclude Include="Engine\Rendering\bone_weight.h">
      <Filter>engine</Filter>
    </ClInclude>
    <ClInclude Include="Engine\Math\bounds.h">
      <Filter>engine</Filter>
    </ClInclude>
    <ClInclude Include="Engine\Components\camera.h">
      <Filter>engine</Filter>
    </ClInclude>
    <ClInclude Include="Engine\Math\color.h">
      <Filter>engine</Filter>
    </ClInclude>
    <ClInclude Include="Engine\Components\component.h">
      <Filter>engine</Filter>
    </ClInclude>
    <ClInclude Include="Engine\Components\controller.h">
      <Filter>engine</Filter>
    </ClInclude>
    <ClInclude Include="Engine\Components\cube_renderer.h">
      <Filter>engine</Filter>
    </ClInclude>
    <ClInclude Include="Engine\dxlib_helper.h">
      <Filter>engine</Filter>
    </ClInclude>
    <ClInclude Include="Engine\dxlib_serializer.h">
      <Filter>engine</Filter>
    </ClInclude>
    <ClInclude Include="Engine\enable_shared_from_base.h">
      <Filter>engine</Filter>
    </ClInclude>
    <ClInclude Include="Engine\engine_time.h">
      <Filter>engine</Filter>
    </ClInclude>
    <ClInclude Include="Engine\Components\frame_meta_data.h">
      <Filter>engine</Filter>
    </ClInclude>
    <ClInclude Include="ThirdParty\imgui\imconfig.h">
      <Filter>imgui</Filter>
    </ClInclude>
    <ClInclude Include="ThirdParty\imgui\imgui.h">
      <Filter>imgui</Filter>
    </ClInclude>
    <ClInclude Include="ThirdParty\imgui\backends\imgui_impl_dx11.h">
      <Filter>imgui</Filter>
    </ClInclude>
    <ClInclude Include="ThirdParty\imgui\backends\imgui_impl_win32.h">
      <Filter>imgui</Filter>
    </ClInclude>
    <ClInclude Include="ThirdParty\imgui\imgui_internal.h">
      <Filter>imgui</Filter>
    </ClInclude>
    <ClInclude Include="ThirdParty\imgui\imstb_rectpack.h">
      <Filter>imgui</Filter>
    </ClInclude>
    <ClInclude Include="ThirdParty\imgui\imstb_textedit.h">
      <Filter>imgui</Filter>
    </ClInclude>
    <ClInclude Include="ThirdParty\imgui\imstb_truetype.h">
      <Filter>imgui</Filter>
    </ClInclude>
    <ClInclude Include="Engine\Rendering\material.h">
      <Filter>engine</Filter>
    </ClInclude>
    <ClInclude Include="Engine\Rendering\material_block.h">
      <Filter>engine</Filter>
    </ClInclude>
    <ClInclude Include="Engine\Math\math_serializer.h">
      <Filter>engine</Filter>
    </ClInclude>
    <ClInclude Include="Engine\Math\mathf.h">
      <Filter>engine</Filter>
    </ClInclude>
    <ClInclude Include="Engine\Math\matrix4x4.h">
      <Filter>engine</Filter>
    </ClInclude>
    <ClInclude Include="Engine\Rendering\mesh.h">
      <Filter>engine</Filter>
    </ClInclude>
    <ClInclude Include="Engine\Components\mesh_renderer.h">
      <Filter>engine</Filter>
    </ClInclude>
    <ClInclude Include="Engine\Rendering\model_importer.h">
      <Filter>engine</Filter>
    </ClInclude>
    <ClInclude Include="Engine\Math\quaternion.h">
      <Filter>engine</Filter>
    </ClInclude>
    <ClInclude Include="Engine\Components\renderer.h">
      <Filter>engine</Filter>
    </ClInclude>
    <ClInclude Include="Engine\Rendering\rendering_serializer.h">
      <Filter>engine</Filter>
    </ClInclude>
    <ClInclude Include="Engine\Rendering\shader.h">
      <Filter>engine</Filter>
    </ClInclude>
    <ClInclude Include="Engine\Components\skinned_mesh_renderer.h">
      <Filter>engine</Filter>
    </ClInclude>
    <ClInclude Include="Engine\Rendering\sub_mesh.h">
      <Filter>engine</Filter>
    </ClInclude>
    <ClInclude Include="Engine\Rendering\texture2d.h">
      <Filter>engine</Filter>
    </ClInclude>
    <ClInclude Include="Engine\Components\transform.h">
      <Filter>engine</Filter>
    </ClInclude>
    <ClInclude Include="Engine\Math\vector2.h">
      <Filter>engine</Filter>
    </ClInclude>
    <ClInclude Include="Engine\Math\vector3.h">
      <Filter>engine</Filter>
    </ClInclude>
    <ClInclude Include="Engine\Math\vector4.h">
      <Filter>engine</Filter>
    </ClInclude>
    <ClInclude Include="Editor\application.h" />
    <ClInclude Include="pch.h" />
    <ClInclude Include="Engine\engine_profiler.h">
      <Filter>engine</Filter>
    </ClInclude>
    <ClInclude Include="ThirdParty\implot\implot.h">
      <Filter>implot</Filter>
    </ClInclude>
    <ClInclude Include="ThirdParty\implot\implot_internal.h">
      <Filter>implot</Filter>
    </ClInclude>
    <ClInclude Include="Engine\Components\mv1_renderer.h">
      <Filter>engine</Filter>
    </ClInclude>
    <ClInclude Include="Editor\profiler.h">
      <Filter>editor</Filter>
    </ClInclude>
    <ClInclude Include="Engine\str_util.h">
      <Filter>engine</Filter>
    </ClInclude>
    <ClInclude Include="Editor\update_man_debugger.h">
      <Filter>editor</Filter>
    </ClInclude>
  </ItemGroup>
  <ItemGroup>
    <Filter Include="imgui">
      <UniqueIdentifier>{2127dccf-e4d4-477c-b8ec-8505d7be7d22}</UniqueIdentifier>
    </Filter>
    <Filter Include="engine">
      <UniqueIdentifier>{3e9a80d6-9ee8-4d20-bb4a-3ef1b0632782}</UniqueIdentifier>
    </Filter>
    <Filter Include="editor">
      <UniqueIdentifier>{85fd8929-4b22-4e2c-a917-fc42037f2f08}</UniqueIdentifier>
    </Filter>
    <Filter Include="implot">
      <UniqueIdentifier>{27463cd6-262e-4180-b96b-20b4b52dea5b}</UniqueIdentifier>
    </Filter>
  </ItemGroup>
</Project>