<?xml version="1.0" encoding="utf-8"?>
<Project ToolsVersion="4.0" xmlns="http://schemas.microsoft.com/developer/msbuild/2003">
  <ItemGroup>
    <ClCompile Include="ThirdParty\imgui\imgui.cpp">
      <Filter>imgui</Filter>
    </ClCompile>
    <ClCompile Include="ThirdParty\imgui\imgui_demo.cpp">
      <Filter>imgui</Filter>
    </ClCompile>
    <ClCompile Include="ThirdParty\imgui\imgui_draw.cpp">
      <Filter>imgui</Filter>
    </ClCompile>
    <ClCompile Include="ThirdParty\imgui\backends\imgui_impl_dx11.cpp">
      <Filter>imgui</Filter>
    </ClCompile>
    <ClCompile Include="ThirdParty\imgui\backends\imgui_impl_win32.cpp">
      <Filter>imgui</Filter>
    </ClCompile>
    <ClCompile Include="ThirdParty\imgui\imgui_tables.cpp">
      <Filter>imgui</Filter>
    </ClCompile>
    <ClCompile Include="ThirdParty\imgui\imgui_widgets.cpp">
      <Filter>imgui</Filter>
    </ClCompile>
    <ClCompile Include="Engine\component.cpp">
      <Filter>engine</Filter>
    </ClCompile>
    <ClCompile Include="Engine\engine.cpp">
      <Filter>engine</Filter>
    </ClCompile>
    <ClCompile Include="Engine\engine_util.cpp">
      <Filter>engine</Filter>
    </ClCompile>
    <ClCompile Include="Engine\event_receivers.cpp">
      <Filter>engine</Filter>
    </ClCompile>
    <ClCompile Include="Engine\game_object.cpp">
      <Filter>engine</Filter>
    </ClCompile>
    <ClCompile Include="Engine\logger.cpp">
      <Filter>engine</Filter>
    </ClCompile>
    <ClCompile Include="Engine\object.cpp">
      <Filter>engine</Filter>
    </ClCompile>
    <ClCompile Include="Engine\scene.cpp">
      <Filter>engine</Filter>
    </ClCompile>
    <ClCompile Include="Engine\scene_manager.cpp">
      <Filter>engine</Filter>
    </ClCompile>
    <ClCompile Include="Engine\time.cpp">
      <Filter>engine</Filter>
    </ClCompile>
    <ClCompile Include="Engine\transform.cpp">
      <Filter>engine</Filter>
    </ClCompile>
    <ClCompile Include="Engine\update_manager.cpp">
      <Filter>engine</Filter>
    </ClCompile>
    <ClCompile Include="Editor\hierarchy.cpp">
      <Filter>editor</Filter>
    </ClCompile>
    <ClCompile Include="Editor\inspector.cpp">
      <Filter>editor</Filter>
    </ClCompile>
    <ClCompile Include="main.cpp" />
    <ClCompile Include="Engine\factory.cpp" />
    <ClCompile Include="Engine\camera.cpp">
      <Filter>engine</Filter>
    </ClCompile>
    <ClCompile Include="Engine\color.cpp">
      <Filter>engine</Filter>
    </ClCompile>
    <ClCompile Include="Engine\cube_renderer.cpp">
      <Filter>engine</Filter>
    </ClCompile>
    <ClCompile Include="Editor\editor.cpp">
      <Filter>editor</Filter>
    </ClCompile>
    <ClCompile Include="Editor\editor_window.cpp">
      <Filter>editor</Filter>
    </ClCompile>
    <ClCompile Include="Engine\renderer.cpp">
      <Filter>engine</Filter>
    </ClCompile>
    <ClCompile Include="Engine\serializer.cpp">
      <Filter>engine</Filter>
    </ClCompile>
    <ClCompile Include="Engine\skinned_mesh_renderer.cpp">
      <Filter>engine</Filter>
    </ClCompile>
  </ItemGroup>
  <ItemGroup>
    <ClInclude Include="Engine\enable_shared_from_base.h" />
    <ClInclude Include="ThirdParty\dxlib_h\DxCompileConfig.h">
      <Filter>dxlib</Filter>
    </ClInclude>
    <ClInclude Include="ThirdParty\dxlib_h\DxDataType.h">
      <Filter>dxlib</Filter>
    </ClInclude>
    <ClInclude Include="ThirdParty\dxlib_h\DxDataTypeWin.h">
      <Filter>dxlib</Filter>
    </ClInclude>
    <ClInclude Include="ThirdParty\dxlib_h\DxFunctionWin.h">
      <Filter>dxlib</Filter>
    </ClInclude>
    <ClInclude Include="ThirdParty\dxlib_h\DxLib.h">
      <Filter>dxlib</Filter>
    </ClInclude>
    <ClInclude Include="Engine\component.h">
      <Filter>engine</Filter>
    </ClInclude>
    <ClInclude Include="Engine\engine.h">
      <Filter>engine</Filter>
    </ClInclude>
    <ClInclude Include="Engine\engine_util.h">
      <Filter>engine</Filter>
    </ClInclude>
    <ClInclude Include="Engine\event_receivers.h">
      <Filter>engine</Filter>
    </ClInclude>
    <ClInclude Include="Engine\game_object.h">
      <Filter>engine</Filter>
    </ClInclude>
    <ClInclude Include="Engine\logger.h">
      <Filter>engine</Filter>
    </ClInclude>
    <ClInclude Include="Engine\object.h">
      <Filter>engine</Filter>
    </ClInclude>
    <ClInclude Include="Engine\scene.h">
      <Filter>engine</Filter>
    </ClInclude>
    <ClInclude Include="Engine\scene_manager.h">
      <Filter>engine</Filter>
    </ClInclude>
    <ClInclude Include="Engine\time.h">
      <Filter>engine</Filter>
    </ClInclude>
    <ClInclude Include="Engine\transform.h">
      <Filter>engine</Filter>
    </ClInclude>
    <ClInclude Include="Engine\update_manager.h">
      <Filter>engine</Filter>
    </ClInclude>
    <ClInclude Include="Editor\hierarchy.h">
      <Filter>editor</Filter>
    </ClInclude>
    <ClInclude Include="Editor\inspector.h">
      <Filter>editor</Filter>
    </ClInclude>
    <ClInclude Include="Engine\camera.h">
      <Filter>engine</Filter>
    </ClInclude>
    <ClInclude Include="Engine\color.h">
      <Filter>engine</Filter>
    </ClInclude>
    <ClInclude Include="Engine\cube_renderer.h">
      <Filter>engine</Filter>
    </ClInclude>
    <ClInclude Include="Editor\editor.h">
      <Filter>editor</Filter>
    </ClInclude>
    <ClInclude Include="Editor\editor_window.h">
      <Filter>editor</Filter>
    </ClInclude>
    <ClInclude Include="Engine\renderer.h">
      <Filter>engine</Filter>
    </ClInclude>
    <ClInclude Include="Engine\serializer.h">
      <Filter>engine</Filter>
    </ClInclude>
    <ClInclude Include="Engine\skinned_mesh_renderer.h">
      <Filter>engine</Filter>
    </ClInclude>
  </ItemGroup>
  <ItemGroup>
    <Filter Include="imgui">
      <UniqueIdentifier>{2127dccf-e4d4-477c-b8ec-8505d7be7d22}</UniqueIdentifier>
    </Filter>
    <Filter Include="engine">
      <UniqueIdentifier>{3e9a80d6-9ee8-4d20-bb4a-3ef1b0632782}</UniqueIdentifier>
    </Filter>
    <Filter Include="dxlib">
      <UniqueIdentifier>{de7f9d39-2fe4-4c41-911b-20081be0b28d}</UniqueIdentifier>
    </Filter>
    <Filter Include="editor">
      <UniqueIdentifier>{85fd8929-4b22-4e2c-a917-fc42037f2f08}</UniqueIdentifier>
    </Filter>
  </ItemGroup>
</Project>